// !$*UTF8*$!
{
	archiveVersion = 1;
	classes = {
	};
	objectVersion = 50;
	objects = {

/* Begin PBXBuildFile section */
		635B884C260832A500B928F2 /* AppDelegate.swift in Sources */ = {isa = PBXBuildFile; fileRef = 635B884B260832A500B928F2 /* AppDelegate.swift */; };
		635B884E260832A500B928F2 /* SceneDelegate.swift in Sources */ = {isa = PBXBuildFile; fileRef = 635B884D260832A500B928F2 /* SceneDelegate.swift */; };
		635B8850260832A500B928F2 /* ViewController.swift in Sources */ = {isa = PBXBuildFile; fileRef = 635B884F260832A500B928F2 /* ViewController.swift */; };
		635B8853260832A500B928F2 /* Main.storyboard in Resources */ = {isa = PBXBuildFile; fileRef = 635B8851260832A500B928F2 /* Main.storyboard */; };
		635B8855260832A500B928F2 /* Assets.xcassets in Resources */ = {isa = PBXBuildFile; fileRef = 635B8854260832A500B928F2 /* Assets.xcassets */; };
		635B8858260832A500B928F2 /* LaunchScreen.storyboard in Resources */ = {isa = PBXBuildFile; fileRef = 635B8856260832A500B928F2 /* LaunchScreen.storyboard */; };
		635B8861260832AB00B928F2 /* PasswordInputView.swift in Sources */ = {isa = PBXBuildFile; fileRef = 635B8860260832AB00B928F2 /* PasswordInputView.swift */; };
/* End PBXBuildFile section */

/* Begin PBXFileReference section */
		635B8848260832A500B928F2 /* CodeInputView.app */ = {isa = PBXFileReference; explicitFileType = wrapper.application; includeInIndex = 0; path = CodeInputView.app; sourceTree = BUILT_PRODUCTS_DIR; };
		635B884B260832A500B928F2 /* AppDelegate.swift */ = {isa = PBXFileReference; lastKnownFileType = sourcecode.swift; path = AppDelegate.swift; sourceTree = "<group>"; };
		635B884D260832A500B928F2 /* SceneDelegate.swift */ = {isa = PBXFileReference; lastKnownFileType = sourcecode.swift; path = SceneDelegate.swift; sourceTree = "<group>"; };
		635B884F260832A500B928F2 /* ViewController.swift */ = {isa = PBXFileReference; lastKnownFileType = sourcecode.swift; path = ViewController.swift; sourceTree = "<group>"; };
		635B8852260832A500B928F2 /* Base */ = {isa = PBXFileReference; lastKnownFileType = file.storyboard; name = Base; path = Base.lproj/Main.storyboard; sourceTree = "<group>"; };
		635B8854260832A500B928F2 /* Assets.xcassets */ = {isa = PBXFileReference; lastKnownFileType = folder.assetcatalog; path = Assets.xcassets; sourceTree = "<group>"; };
		635B8857260832A500B928F2 /* Base */ = {isa = PBXFileReference; lastKnownFileType = file.storyboard; name = Base; path = Base.lproj/LaunchScreen.storyboard; sourceTree = "<group>"; };
		635B8859260832A500B928F2 /* Info.plist */ = {isa = PBXFileReference; lastKnownFileType = text.plist.xml; path = Info.plist; sourceTree = "<group>"; };
		635B8860260832AB00B928F2 /* PasswordInputView.swift */ = {isa = PBXFileReference; fileEncoding = 4; lastKnownFileType = sourcecode.swift; path = PasswordInputView.swift; sourceTree = "<group>"; };
/* End PBXFileReference section */

/* Begin PBXFrameworksBuildPhase section */
		635B8845260832A500B928F2 /* Frameworks */ = {
			isa = PBXFrameworksBuildPhase;
			buildActionMask = 2147483647;
			files = (
			);
			runOnlyForDeploymentPostprocessing = 0;
		};
/* End PBXFrameworksBuildPhase section */

/* Begin PBXGroup section */
		635B883F260832A500B928F2 = {
			isa = PBXGroup;
			children = (
				635B884A260832A500B928F2 /* CodeInputView */,
				635B8849260832A500B928F2 /* Products */,
			);
			sourceTree = "<group>";
		};
		635B8849260832A500B928F2 /* Products */ = {
			isa = PBXGroup;
			children = (
				635B8848260832A500B928F2 /* CodeInputView.app */,
			);
			name = Products;
			sourceTree = "<group>";
		};
		635B884A260832A500B928F2 /* CodeInputView */ = {
			isa = PBXGroup;
			children = (
				635B884B260832A500B928F2 /* AppDelegate.swift */,
				635B884D260832A500B928F2 /* SceneDelegate.swift */,
				635B884F260832A500B928F2 /* ViewController.swift */,
				635B8860260832AB00B928F2 /* PasswordInputView.swift */,
				635B8851260832A500B928F2 /* Main.storyboard */,
				635B8854260832A500B928F2 /* Assets.xcassets */,
				635B8856260832A500B928F2 /* LaunchScreen.storyboard */,
				635B8859260832A500B928F2 /* Info.plist */,
			);
			path = CodeInputView;
			sourceTree = "<group>";
		};
/* End PBXGroup section */

/* Begin PBXNativeTarget section */
		635B8847260832A500B928F2 /* CodeInputView */ = {
			isa = PBXNativeTarget;
			buildConfigurationList = 635B885C260832A500B928F2 /* Build configuration list for PBXNativeTarget "CodeInputView" */;
			buildPhases = (
				635B8844260832A500B928F2 /* Sources */,
				635B8845260832A500B928F2 /* Frameworks */,
				635B8846260832A500B928F2 /* Resources */,
			);
			buildRules = (
			);
			dependencies = (
			);
			name = CodeInputView;
			productName = CodeInputView;
			productReference = 635B8848260832A500B928F2 /* CodeInputView.app */;
			productType = "com.apple.product-type.application";
		};
/* End PBXNativeTarget section */

/* Begin PBXProject section */
		635B8840260832A500B928F2 /* Project object */ = {
			isa = PBXProject;
			attributes = {
				LastSwiftUpdateCheck = 1240;
				LastUpgradeCheck = 1240;
				TargetAttributes = {
					635B8847260832A500B928F2 = {
						CreatedOnToolsVersion = 12.4;
					};
				};
			};
			buildConfigurationList = 635B8843260832A500B928F2 /* Build configuration list for PBXProject "CodeInputView" */;
			compatibilityVersion = "Xcode 9.3";
			developmentRegion = en;
			hasScannedForEncodings = 0;
			knownRegions = (
				en,
				Base,
			);
			mainGroup = 635B883F260832A500B928F2;
			productRefGroup = 635B8849260832A500B928F2 /* Products */;
			projectDirPath = "";
			projectRoot = "";
			targets = (
				635B8847260832A500B928F2 /* CodeInputView */,
			);
		};
/* End PBXProject section */

/* Begin PBXResourcesBuildPhase section */
		635B8846260832A500B928F2 /* Resources */ = {
			isa = PBXResourcesBuildPhase;
			buildActionMask = 2147483647;
			files = (
				635B8858260832A500B928F2 /* LaunchScreen.storyboard in Resources */,
				635B8855260832A500B928F2 /* Assets.xcassets in Resources */,
				635B8853260832A500B928F2 /* Main.storyboard in Resources */,
			);
			runOnlyForDeploymentPostprocessing = 0;
		};
/* End PBXResourcesBuildPhase section */

/* Begin PBXSourcesBuildPhase section */
		635B8844260832A500B928F2 /* Sources */ = {
			isa = PBXSourcesBuildPhase;
			buildActionMask = 2147483647;
			files = (
				635B8861260832AB00B928F2 /* PasswordInputView.swift in Sources */,
				635B8850260832A500B928F2 /* ViewController.swift in Sources */,
				635B884C260832A500B928F2 /* AppDelegate.swift in Sources */,
				635B884E260832A500B928F2 /* SceneDelegate.swift in Sources */,
			);
			runOnlyForDeploymentPostprocessing = 0;
		};
/* End PBXSourcesBuildPhase section */

/* Begin PBXVariantGroup section */
		635B8851260832A500B928F2 /* Main.storyboard */ = {
			isa = PBXVariantGroup;
			children = (
				635B8852260832A500B928F2 /* Base */,
			);
			name = Main.storyboard;
			sourceTree = "<group>";
		};
		635B8856260832A500B928F2 /* LaunchScreen.storyboard */ = {
			isa = PBXVariantGroup;
			children = (
				635B8857260832A500B928F2 /* Base */,
			);
			name = LaunchScreen.storyboard;
			sourceTree = "<group>";
		};
/* End PBXVariantGroup section */

/* Begin XCBuildConfiguration section */
		635B885A260832A500B928F2 /* Debug */ = {
			isa = XCBuildConfiguration;
			buildSettings = {
				ALWAYS_SEARCH_USER_PATHS = NO;
				CLANG_ANALYZER_NONNULL = YES;
				CLANG_ANALYZER_NUMBER_OBJECT_CONVERSION = YES_AGGRESSIVE;
				CLANG_CXX_LANGUAGE_STANDARD = "gnu++14";
				CLANG_CXX_LIBRARY = "libc++";
				CLANG_ENABLE_MODULES = YES;
				CLANG_ENABLE_OBJC_ARC = YES;
				CLANG_ENABLE_OBJC_WEAK = YES;
				CLANG_WARN_BLOCK_CAPTURE_AUTORELEASING = YES;
				CLANG_WARN_BOOL_CONVERSION = YES;
				CLANG_WARN_COMMA = YES;
				CLANG_WARN_CONSTANT_CONVERSION = YES;
				CLANG_WARN_DEPRECATED_OBJC_IMPLEMENTATIONS = YES;
				CLANG_WARN_DIRECT_OBJC_ISA_USAGE = YES_ERROR;
				CLANG_WARN_DOCUMENTATION_COMMENTS = YES;
				CLANG_WARN_EMPTY_BODY = YES;
				CLANG_WARN_ENUM_CONVERSION = YES;
				CLANG_WARN_INFINITE_RECURSION = YES;
				CLANG_WARN_INT_CONVERSION = YES;
				CLANG_WARN_NON_LITERAL_NULL_CONVERSION = YES;
				CLANG_WARN_OBJC_IMPLICIT_RETAIN_SELF = YES;
				CLANG_WARN_OBJC_LITERAL_CONVERSION = YES;
				CLANG_WARN_OBJC_ROOT_CLASS = YES_ERROR;
				CLANG_WARN_QUOTED_INCLUDE_IN_FRAMEWORK_HEADER = YES;
				CLANG_WARN_RANGE_LOOP_ANALYSIS = YES;
				CLANG_WARN_STRICT_PROTOTYPES = YES;
				CLANG_WARN_SUSPICIOUS_MOVE = YES;
				CLANG_WARN_UNGUARDED_AVAILABILITY = YES_AGGRESSIVE;
				CLANG_WARN_UNREACHABLE_CODE = YES;
				CLANG_WARN__DUPLICATE_METHOD_MATCH = YES;
				COPY_PHASE_STRIP = NO;
				DEBUG_INFORMATION_FORMAT = dwarf;
				ENABLE_STRICT_OBJC_MSGSEND = YES;
				ENABLE_TESTABILITY = YES;
				GCC_C_LANGUAGE_STANDARD = gnu11;
				GCC_DYNAMIC_NO_PIC = NO;
				GCC_NO_COMMON_BLOCKS = YES;
				GCC_OPTIMIZATION_LEVEL = 0;
				GCC_PREPROCESSOR_DEFINITIONS = (
					"DEBUG=1",
					"$(inherited)",
				);
				GCC_WARN_64_TO_32_BIT_CONVERSION = YES;
				GCC_WARN_ABOUT_RETURN_TYPE = YES_ERROR;
				GCC_WARN_UNDECLARED_SELECTOR = YES;
				GCC_WARN_UNINITIALIZED_AUTOS = YES_AGGRESSIVE;
				GCC_WARN_UNUSED_FUNCTION = YES;
				GCC_WARN_UNUSED_VARIABLE = YES;
				IPHONEOS_DEPLOYMENT_TARGET = 14.4;
				MTL_ENABLE_DEBUG_INFO = INCLUDE_SOURCE;
				MTL_FAST_MATH = YES;
				ONLY_ACTIVE_ARCH = YES;
				SDKROOT = iphoneos;
				SWIFT_ACTIVE_COMPILATION_CONDITIONS = DEBUG;
				SWIFT_OPTIMIZATION_LEVEL = "-Onone";
			};
			name = Debug;
		};
		635B885B260832A500B928F2 /* Release */ = {
			isa = XCBuildConfiguration;
			buildSettings = {
				ALWAYS_SEARCH_USER_PATHS = NO;
				CLANG_ANALYZER_NONNULL = YES;
				CLANG_ANALYZER_NUMBER_OBJECT_CONVERSION = YES_AGGRESSIVE;
				CLANG_CXX_LANGUAGE_STANDARD = "gnu++14";
				CLANG_CXX_LIBRARY = "libc++";
				CLANG_ENABLE_MODULES = YES;
				CLANG_ENABLE_OBJC_ARC = YES;
				CLANG_ENABLE_OBJC_WEAK = YES;
				CLANG_WARN_BLOCK_CAPTURE_AUTORELEASING = YES;
				CLANG_WARN_BOOL_CONVERSION = YES;
				CLANG_WARN_COMMA = YES;
				CLANG_WARN_CONSTANT_CONVERSION = YES;
				CLANG_WARN_DEPRECATED_OBJC_IMPLEMENTATIONS = YES;
				CLANG_WARN_DIRECT_OBJC_ISA_USAGE = YES_ERROR;
				CLANG_WARN_DOCUMENTATION_COMMENTS = YES;
				CLANG_WARN_EMPTY_BODY = YES;
				CLANG_WARN_ENUM_CONVERSION = YES;
				CLANG_WARN_INFINITE_RECURSION = YES;
				CLANG_WARN_INT_CONVERSION = YES;
				CLANG_WARN_NON_LITERAL_NULL_CONVERSION = YES;
				CLANG_WARN_OBJC_IMPLICIT_RETAIN_SELF = YES;
				CLANG_WARN_OBJC_LITERAL_CONVERSION = YES;
				CLANG_WARN_OBJC_ROOT_CLASS = YES_ERROR;
				CLANG_WARN_QUOTED_INCLUDE_IN_FRAMEWORK_HEADER = YES;
				CLANG_WARN_RANGE_LOOP_ANALYSIS = YES;
				CLANG_WARN_STRICT_PROTOTYPES = YES;
				CLANG_WARN_SUSPICIOUS_MOVE = YES;
				CLANG_WARN_UNGUARDED_AVAILABILITY = YES_AGGRESSIVE;
				CLANG_WARN_UNREACHABLE_CODE = YES;
				CLANG_WARN__DUPLICATE_METHOD_MATCH = YES;
				COPY_PHASE_STRIP = NO;
				DEBUG_INFORMATION_FORMAT = "dwarf-with-dsym";
				ENABLE_NS_ASSERTIONS = NO;
				ENABLE_STRICT_OBJC_MSGSEND = YES;
				GCC_C_LANGUAGE_STANDARD = gnu11;
				GCC_NO_COMMON_BLOCKS = YES;
				GCC_WARN_64_TO_32_BIT_CONVERSION = YES;
				GCC_WARN_ABOUT_RETURN_TYPE = YES_ERROR;
				GCC_WARN_UNDECLARED_SELECTOR = YES;
				GCC_WARN_UNINITIALIZED_AUTOS = YES_AGGRESSIVE;
				GCC_WARN_UNUSED_FUNCTION = YES;
				GCC_WARN_UNUSED_VARIABLE = YES;
				IPHONEOS_DEPLOYMENT_TARGET = 14.4;
				MTL_ENABLE_DEBUG_INFO = NO;
				MTL_FAST_MATH = YES;
				SDKROOT = iphoneos;
				SWIFT_COMPILATION_MODE = wholemodule;
				SWIFT_OPTIMIZATION_LEVEL = "-O";
				VALIDATE_PRODUCT = YES;
			};
			name = Release;
		};
		635B885D260832A500B928F2 /* Debug */ = {
			isa = XCBuildConfiguration;
			buildSettings = {
				ASSETCATALOG_COMPILER_APPICON_NAME = AppIcon;
				ASSETCATALOG_COMPILER_GLOBAL_ACCENT_COLOR_NAME = AccentColor;
				CODE_SIGN_STYLE = Automatic;
				DEVELOPMENT_TEAM = N2V9J3UTZQ;
				INFOPLIST_FILE = CodeInputView/Info.plist;
				LD_RUNPATH_SEARCH_PATHS = (
					"$(inherited)",
					"@executable_path/Frameworks",
				);
				PRODUCT_BUNDLE_IDENTIFIER = com.lianxinbo.CodeInputView;
				PRODUCT_NAME = "$(TARGET_NAME)";
				SWIFT_VERSION = 5.0;
				TARGETED_DEVICE_FAMILY = "1,2";
			};
			name = Debug;
		};
		635B885E260832A500B928F2 /* Release */ = {
			isa = XCBuildConfiguration;
			buildSettings = {
				ASSETCATALOG_COMPILER_APPICON_NAME = AppIcon;
				ASSETCATALOG_COMPILER_GLOBAL_ACCENT_COLOR_NAME = AccentColor;
				CODE_SIGN_STYLE = Automatic;
				DEVELOPMENT_TEAM = N2V9J3UTZQ;
				INFOPLIST_FILE = CodeInputView/Info.plist;
				LD_RUNPATH_SEARCH_PATHS = (
					"$(inherited)",
					"@executable_path/Frameworks",
				);
				PRODUCT_BUNDLE_IDENTIFIER = com.lianxinbo.CodeInputView;
				PRODUCT_NAME = "$(TARGET_NAME)";
				SWIFT_VERSION = 5.0;
				TARGETED_DEVICE_FAMILY = "1,2";
			};
			name = Release;
		};
/* End XCBuildConfiguration section */

/* Begin XCConfigurationList section */
		635B8843260832A500B928F2 /* Build configuration list for PBXProject "CodeInputView" */ = {
			isa = XCConfigurationList;
			buildConfigurations = (
				635B885A260832A500B928F2 /* Debug */,
				635B885B260832A500B928F2 /* Release */,
			);
			defaultConfigurationIsVisible = 0;
			defaultConfigurationName = Release;
		};
		635B885C260832A500B928F2 /* Build configuration list for PBXNativeTarget "CodeInputView" */ = {
			isa = XCConfigurationList;
			buildConfigurations = (
				635B885D260832A500B928F2 /* Debug */,
				635B885E260832A500B928F2 /* Release */,
			);
			defaultConfigurationIsVisible = 0;
			defaultConfigurationName = Release;
		};
/* End XCConfigurationList section */
	};
	rootObject = 635B8840260832A500B928F2 /* Project object */;
}
